
Microsoft Visual Studio Solution File, Format Version 12.00
# Visual Studio Version 17
VisualStudioVersion = 17.5.33414.496
MinimumVisualStudioVersion = 10.0.40219.1
Project("{00D1A9C2-B5F0-4AF3-8072-F6C62B433612}") = "DatabaseProject", "DatabaseProject.sqlproj", "{9C1B36EC-7103-46FE-BF87-9BF3D0819BFC}"
EndProject
Global
	GlobalSection(SolutionConfigurationPlatforms) = preSolution
		Debug|Any CPU = Debug|Any CPU
		Release|Any CPU = Release|Any CPU
	EndGlobalSection
	GlobalSection(ProjectConfigurationPlatforms) = postSolution
		{9C1B36EC-7103-46FE-BF87-9BF3D0819BFC}.Debug|Any CPU.ActiveCfg = Debug|Any CPU
		{9C1B36EC-7103-46FE-BF87-9BF3D0819BFC}.Debug|Any CPU.Build.0 = Debug|Any CPU
		{9C1B36EC-7103-46FE-BF87-9BF3D0819BFC}.Debug|Any CPU.Deploy.0 = Debug|Any CPU
		{9C1B36EC-7103-46FE-BF87-9BF3D0819BFC}.Release|Any CPU.ActiveCfg = Release|Any CPU
		{9C1B36EC-7103-46FE-BF87-9BF3D0819BFC}.Release|Any CPU.Build.0 = Release|Any CPU
		{9C1B36EC-7103-46FE-BF87-9BF3D0819BFC}.Release|Any CPU.Deploy.0 = Release|Any CPU
	EndGlobalSection
	GlobalSection(SolutionProperties) = preSolution
		HideSolutionNode = FALSE
	EndGlobalSection
	GlobalSection(ExtensibilityGlobals) = postSolution
		SolutionGuid = {466D10E1-8C91-44C8-8B22-128F615DF305}
	EndGlobalSection
EndGlobal
